
Microsoft Visual Studio Solution File, Format Version 12.00
# Visual Studio Version 17
VisualStudioVersion = 17.6.33723.286
MinimumVisualStudioVersion = 10.0.40219.1
Project("{9A19103F-16F7-4668-BE54-9A1E7A4F7556}") = "NovelistBlazor.API", "NovelistBlazor.API\NovelistBlazor.API.csproj", "{9BF195D9-9C29-468F-9A52-51B9DFE64302}"
EndProject
Project("{9A19103F-16F7-4668-BE54-9A1E7A4F7556}") = "NovelistBlazor.Common", "NovelistBlazor.Common\NovelistBlazor.Common.csproj", "{C054E9B4-22CF-43CA-A3C8-10B29B5B4679}"
EndProject
Project("{9A19103F-16F7-4668-BE54-9A1E7A4F7556}") = "NovelistBlazor.PWA", "NovelistBlazor.PWA\NovelistBlazor.PWA.csproj", "{997D5ABA-AC17-457A-95BB-2B492F397265}"
EndProject
Project("{9A19103F-16F7-4668-BE54-9A1E7A4F7556}") = "NovelistBlazor.UnitTest", "NovelistBlazor.UnitTest\NovelistBlazor.UnitTest.csproj", "{3F674D7B-CEA7-4D52-BCC3-8ED15E7BBB74}"
EndProject
Global
	GlobalSection(SolutionConfigurationPlatforms) = preSolution
		Debug|Any CPU = Debug|Any CPU
		Release|Any CPU = Release|Any CPU
	EndGlobalSection
	GlobalSection(ProjectConfigurationPlatforms) = postSolution
		{9BF195D9-9C29-468F-9A52-51B9DFE64302}.Debug|Any CPU.ActiveCfg = Debug|Any CPU
		{9BF195D9-9C29-468F-9A52-51B9DFE64302}.Debug|Any CPU.Build.0 = Debug|Any CPU
		{9BF195D9-9C29-468F-9A52-51B9DFE64302}.Release|Any CPU.ActiveCfg = Release|Any CPU
		{9BF195D9-9C29-468F-9A52-51B9DFE64302}.Release|Any CPU.Build.0 = Release|Any CPU
		{C054E9B4-22CF-43CA-A3C8-10B29B5B4679}.Debug|Any CPU.ActiveCfg = Debug|Any CPU
		{C054E9B4-22CF-43CA-A3C8-10B29B5B4679}.Debug|Any CPU.Build.0 = Debug|Any CPU
		{C054E9B4-22CF-43CA-A3C8-10B29B5B4679}.Release|Any CPU.ActiveCfg = Release|Any CPU
		{C054E9B4-22CF-43CA-A3C8-10B29B5B4679}.Release|Any CPU.Build.0 = Release|Any CPU
		{997D5ABA-AC17-457A-95BB-2B492F397265}.Debug|Any CPU.ActiveCfg = Debug|Any CPU
		{997D5ABA-AC17-457A-95BB-2B492F397265}.Debug|Any CPU.Build.0 = Debug|Any CPU
		{997D5ABA-AC17-457A-95BB-2B492F397265}.Release|Any CPU.ActiveCfg = Release|Any CPU
		{997D5ABA-AC17-457A-95BB-2B492F397265}.Release|Any CPU.Build.0 = Release|Any CPU
		{3F674D7B-CEA7-4D52-BCC3-8ED15E7BBB74}.Debug|Any CPU.ActiveCfg = Debug|Any CPU
		{3F674D7B-CEA7-4D52-BCC3-8ED15E7BBB74}.Debug|Any CPU.Build.0 = Debug|Any CPU
		{3F674D7B-CEA7-4D52-BCC3-8ED15E7BBB74}.Release|Any CPU.ActiveCfg = Release|Any CPU
		{3F674D7B-CEA7-4D52-BCC3-8ED15E7BBB74}.Release|Any CPU.Build.0 = Release|Any CPU
	EndGlobalSection
	GlobalSection(SolutionProperties) = preSolution
		HideSolutionNode = FALSE
	EndGlobalSection
	GlobalSection(ExtensibilityGlobals) = postSolution
		SolutionGuid = {D26CEE3D-30D6-443A-B5ED-3A95CC9DFF35}
	EndGlobalSection
EndGlobal
